
Microsoft Visual Studio Solution File, Format Version 12.00
# Visual Studio Version 17
VisualStudioVersion = 17.0.31903.59
MinimumVisualStudioVersion = 10.0.40219.1
Project("{FAE04EC0-301F-11D3-BF4B-00C04F79EFBC}") = "STAKEOUT", "STAKEOUT\STAKEOUT.csproj", "{13962FAC-73AC-4EF7-A5AC-0A812A8DFDA3}"
EndProject
Project("{FAE04EC0-301F-11D3-BF4B-00C04F79EFBC}") = "STAKEOUT.Core", "STAKEOUT.Core\STAKEOUT.Core.csproj", "{E46B9B03-5DEE-4CD6-88F4-1A93BA9FB8A9}"
EndProject
Project("{FAE04EC0-301F-11D3-BF4B-00C04F79EFBC}") = "STAKEOUT.Tests", "STAKEOUT.Tests\STAKEOUT.Tests.csproj", "{17FAD407-6F0C-4D4D-87F5-BB9ED3468639}"
EndProject
Global
	GlobalSection(SolutionConfigurationPlatforms) = preSolution
		Debug|Any CPU = Debug|Any CPU
		Release|Any CPU = Release|Any CPU
	EndGlobalSection
	GlobalSection(SolutionProperties) = preSolution
		HideSolutionNode = FALSE
	EndGlobalSection
	GlobalSection(ProjectConfigurationPlatforms) = postSolution
		{13962FAC-73AC-4EF7-A5AC-0A812A8DFDA3}.Debug|Any CPU.ActiveCfg = Debug|Any CPU
		{13962FAC-73AC-4EF7-A5AC-0A812A8DFDA3}.Debug|Any CPU.Build.0 = Debug|Any CPU
		{13962FAC-73AC-4EF7-A5AC-0A812A8DFDA3}.Release|Any CPU.ActiveCfg = Release|Any CPU
		{13962FAC-73AC-4EF7-A5AC-0A812A8DFDA3}.Release|Any CPU.Build.0 = Release|Any CPU
		{E46B9B03-5DEE-4CD6-88F4-1A93BA9FB8A9}.Debug|Any CPU.ActiveCfg = Debug|Any CPU
		{E46B9B03-5DEE-4CD6-88F4-1A93BA9FB8A9}.Debug|Any CPU.Build.0 = Debug|Any CPU
		{E46B9B03-5DEE-4CD6-88F4-1A93BA9FB8A9}.Release|Any CPU.ActiveCfg = Release|Any CPU
		{E46B9B03-5DEE-4CD6-88F4-1A93BA9FB8A9}.Release|Any CPU.Build.0 = Release|Any CPU
		{17FAD407-6F0C-4D4D-87F5-BB9ED3468639}.Debug|Any CPU.ActiveCfg = Debug|Any CPU
		{17FAD407-6F0C-4D4D-87F5-BB9ED3468639}.Debug|Any CPU.Build.0 = Debug|Any CPU
		{17FAD407-6F0C-4D4D-87F5-BB9ED3468639}.Release|Any CPU.ActiveCfg = Release|Any CPU
		{17FAD407-6F0C-4D4D-87F5-BB9ED3468639}.Release|Any CPU.Build.0 = Release|Any CPU
	EndGlobalSection
EndGlobal
